<?xml version="1.0" encoding="utf-8"?>
<Project ToolsVersion="4.0" xmlns="http://schemas.microsoft.com/developer/msbuild/2003">
  <ItemGroup>
    <Filter Include="Source Files">
      <UniqueIdentifier>{4FC737F1-C7A5-4376-A066-2A32D752A2FF}</UniqueIdentifier>
      <Extensions>cpp;c;cc;cxx;def;odl;idl;hpj;bat;asm;asmx</Extensions>
    </Filter>
    <Filter Include="Header Files">
      <UniqueIdentifier>{93995380-89BD-4b04-88EB-625FBE52EBFB}</UniqueIdentifier>
      <Extensions>h;hh;hpp;hxx;hm;inl;inc;ipp;xsd</Extensions>
    </Filter>
    <Filter Include="Notes">
      <UniqueIdentifier>{c5de25e4-477a-47cf-a92c-9daba14a6eb9}</UniqueIdentifier>
    </Filter>
    <Filter Include="Resources">
      <UniqueIdentifier>{964b4611-1e34-4216-a201-63341e40de5c}</UniqueIdentifier>
    </Filter>
    <Filter Include="Notes\Documentation">
      <UniqueIdentifier>{8a70f225-4fde-4dde-a66c-b5ab92fba65b}</UniqueIdentifier>
    </Filter>
  </ItemGroup>
  <ItemGroup>
    <ClCompile Include="levels.cpp">
      <Filter>Source Files</Filter>
    </ClCompile>
    <ClCompile Include="craft.cpp">
      <Filter>Source Files</Filter>
    </ClCompile>
    <ClCompile Include="solver.cpp">
      <Filter>Source Files</Filter>
    </ClCompile>
    <ClCompile Include="advancedtouch.cpp">
      <Filter>Source Files</Filter>
    </ClCompile>
    <ClCompile Include="capi.cpp">
      <Filter>Source Files</Filter>
    </ClCompile>
    <ClCompile Include="stepwise.cpp">
      <Filter>Source Files</Filter>
    </ClCompile>
  </ItemGroup>
  <ItemGroup>
    <ClInclude Include="random.h">
      <Filter>Header Files</Filter>
    </ClInclude>
    <ClInclude Include="levels.h">
      <Filter>Header Files</Filter>
    </ClInclude>
    <ClInclude Include="common.h">
      <Filter>Header Files</Filter>
    </ClInclude>
    <ClInclude Include="craft.h">
      <Filter>Header Files</Filter>
    </ClInclude>
    <ClInclude Include="solver.h">
      <Filter>Header Files</Filter>
    </ClInclude>
    <ClInclude Include="advancedtouch.h">
      <Filter>Header Files</Filter>
    </ClInclude>
    <ClInclude Include="stepwise.h">
      <Filter>Header Files</Filter>
    </ClInclude>
  </ItemGroup>
  <ItemGroup>
    <Text Include="arguments.txt">
      <Filter>Notes</Filter>
    </Text>
  </ItemGroup>
  <ItemGroup>
    <None Include="options.json">
      <Filter>Notes</Filter>
    </None>
    <None Include="generated.json">
      <Filter>Notes</Filter>
    </None>
    <None Include="RecipeLevelTable.csv">
      <Filter>Resources</Filter>
    </None>
    <None Include="..\LICENSE">
      <Filter>Notes\Documentation</Filter>
    </None>
    <None Include="..\README.md">
      <Filter>Notes\Documentation</Filter>
    </None>
    <None Include="..\STEPWISE.md">
      <Filter>Notes\Documentation</Filter>
    </None>
  </ItemGroup>
</Project>